
Microsoft Visual Studio Solution File, Format Version 11.00
# Visual Studio 2010
Project("{FAE04EC0-301F-11D3-BF4B-00C04F79EFBC}") = "ConteoCiudadano", "ConteoCiudadano\ConteoCiudadano.csproj", "{46268D5C-A6A4-4612-BE99-864DA65E7FC1}"
EndProject
Project("{CC5FD16D-436D-48AD-A40C-5A424C6E3E79}") = "CloudProject", "CloudProject\CloudProject.ccproj", "{3170D1E1-3633-4959-831C-EA0D9A405E41}"
EndProject
Global
	GlobalSection(SolutionConfigurationPlatforms) = preSolution
		Debug|Any CPU = Debug|Any CPU
		Release|Any CPU = Release|Any CPU
	EndGlobalSection
	GlobalSection(ProjectConfigurationPlatforms) = postSolution
		{46268D5C-A6A4-4612-BE99-864DA65E7FC1}.Debug|Any CPU.ActiveCfg = Debug|Any CPU
		{46268D5C-A6A4-4612-BE99-864DA65E7FC1}.Debug|Any CPU.Build.0 = Debug|Any CPU
		{46268D5C-A6A4-4612-BE99-864DA65E7FC1}.Release|Any CPU.ActiveCfg = Release|Any CPU
		{46268D5C-A6A4-4612-BE99-864DA65E7FC1}.Release|Any CPU.Build.0 = Release|Any CPU
		{3170D1E1-3633-4959-831C-EA0D9A405E41}.Debug|Any CPU.ActiveCfg = Debug|Any CPU
		{3170D1E1-3633-4959-831C-EA0D9A405E41}.Debug|Any CPU.Build.0 = Debug|Any CPU
		{3170D1E1-3633-4959-831C-EA0D9A405E41}.Release|Any CPU.ActiveCfg = Release|Any CPU
		{3170D1E1-3633-4959-831C-EA0D9A405E41}.Release|Any CPU.Build.0 = Release|Any CPU
	EndGlobalSection
	GlobalSection(SolutionProperties) = preSolution
		HideSolutionNode = FALSE
	EndGlobalSection
EndGlobal
